
Microsoft Visual Studio Solution File, Format Version 12.00
# Visual Studio Version 16
VisualStudioVersion = 16.0.30002.166
MinimumVisualStudioVersion = 10.0.40219.1
Project("{888888A0-9F3D-457C-B088-3A5042F75D52}") = "aership", "aership\aership.pyproj", "{E50A36FF-EC57-4646-84C4-E1389B9EED6B}"
EndProject
Global
	GlobalSection(SolutionConfigurationPlatforms) = preSolution
		Debug|Any CPU = Debug|Any CPU
		Release|Any CPU = Release|Any CPU
	EndGlobalSection
	GlobalSection(ProjectConfigurationPlatforms) = postSolution
		{E50A36FF-EC57-4646-84C4-E1389B9EED6B}.Debug|Any CPU.ActiveCfg = Debug|Any CPU
		{E50A36FF-EC57-4646-84C4-E1389B9EED6B}.Release|Any CPU.ActiveCfg = Release|Any CPU
	EndGlobalSection
	GlobalSection(SolutionProperties) = preSolution
		HideSolutionNode = FALSE
	EndGlobalSection
	GlobalSection(ExtensibilityGlobals) = postSolution
		SolutionGuid = {4BD72E12-2C58-4489-874E-69C33EC75512}
	EndGlobalSection
EndGlobal
